
Microsoft Visual Studio Solution File, Format Version 12.00
# Visual Studio Version 17
VisualStudioVersion = 17.1.31911.260
MinimumVisualStudioVersion = 10.0.40219.1
Project("{9A19103F-16F7-4668-BE54-9A1E7A4F7556}") = "DiscordImpossible", "DiscordImpossible\DiscordImpossible.csproj", "{9BB20A18-B6A7-49CA-9EF8-B1879F8E1753}"
EndProject
Global
	GlobalSection(SolutionConfigurationPlatforms) = preSolution
		Debug|Any CPU = Debug|Any CPU
		Release|Any CPU = Release|Any CPU
	EndGlobalSection
	GlobalSection(ProjectConfigurationPlatforms) = postSolution
		{9BB20A18-B6A7-49CA-9EF8-B1879F8E1753}.Debug|Any CPU.ActiveCfg = Debug|Any CPU
		{9BB20A18-B6A7-49CA-9EF8-B1879F8E1753}.Debug|Any CPU.Build.0 = Debug|Any CPU
		{9BB20A18-B6A7-49CA-9EF8-B1879F8E1753}.Release|Any CPU.ActiveCfg = Release|Any CPU
		{9BB20A18-B6A7-49CA-9EF8-B1879F8E1753}.Release|Any CPU.Build.0 = Release|Any CPU
	EndGlobalSection
	GlobalSection(SolutionProperties) = preSolution
		HideSolutionNode = FALSE
	EndGlobalSection
	GlobalSection(ExtensibilityGlobals) = postSolution
		SolutionGuid = {AD2C7F9E-F2DD-46CE-9377-5110965B5AE3}
	EndGlobalSection
EndGlobal
